
Microsoft Visual Studio Solution File, Format Version 12.00
# Visual Studio 14
VisualStudioVersion = 14.0.25123.0
MinimumVisualStudioVersion = 10.0.40219.1
Project("{FAE04EC0-301F-11D3-BF4B-00C04F79EFBC}") = "Vidly2", "Vidly2\Vidly2.csproj", "{55011447-B8AC-4607-8DD3-0A16E4C50983}"
EndProject
Project("{FAE04EC0-301F-11D3-BF4B-00C04F79EFBC}") = "Vidly2.Tests", "Vidly2.Tests\Vidly2.Tests.csproj", "{25779E40-8AC8-4327-A870-51CD9F0B6E82}"
EndProject
Global
	GlobalSection(SolutionConfigurationPlatforms) = preSolution
		Debug|Any CPU = Debug|Any CPU
		Release|Any CPU = Release|Any CPU
	EndGlobalSection
	GlobalSection(ProjectConfigurationPlatforms) = postSolution
		{55011447-B8AC-4607-8DD3-0A16E4C50983}.Debug|Any CPU.ActiveCfg = Debug|Any CPU
		{55011447-B8AC-4607-8DD3-0A16E4C50983}.Debug|Any CPU.Build.0 = Debug|Any CPU
		{55011447-B8AC-4607-8DD3-0A16E4C50983}.Release|Any CPU.ActiveCfg = Release|Any CPU
		{55011447-B8AC-4607-8DD3-0A16E4C50983}.Release|Any CPU.Build.0 = Release|Any CPU
		{25779E40-8AC8-4327-A870-51CD9F0B6E82}.Debug|Any CPU.ActiveCfg = Debug|Any CPU
		{25779E40-8AC8-4327-A870-51CD9F0B6E82}.Debug|Any CPU.Build.0 = Debug|Any CPU
		{25779E40-8AC8-4327-A870-51CD9F0B6E82}.Release|Any CPU.ActiveCfg = Release|Any CPU
		{25779E40-8AC8-4327-A870-51CD9F0B6E82}.Release|Any CPU.Build.0 = Release|Any CPU
	EndGlobalSection
	GlobalSection(SolutionProperties) = preSolution
		HideSolutionNode = FALSE
	EndGlobalSection
EndGlobal
